
Microsoft Visual Studio Solution File, Format Version 12.00
# Visual Studio Version 16
VisualStudioVersion = 16.0.29806.167
MinimumVisualStudioVersion = 10.0.40219.1
Project("{8BC9CEB8-8B4A-11D0-8D11-00A0C91BC942}") = "Controller", "Controller.vcxproj", "{AA818145-6DF1-446D-BE57-77623E613183}"
EndProject
Global
	GlobalSection(SolutionConfigurationPlatforms) = preSolution
		Debug|x64 = Debug|x64
		Debug|x86 = Debug|x86
		Release|x64 = Release|x64
		Release|x86 = Release|x86
	EndGlobalSection
	GlobalSection(ProjectConfigurationPlatforms) = postSolution
		{AA818145-6DF1-446D-BE57-77623E613183}.Debug|x64.ActiveCfg = Debug|x64
		{AA818145-6DF1-446D-BE57-77623E613183}.Debug|x64.Build.0 = Debug|x64
		{AA818145-6DF1-446D-BE57-77623E613183}.Debug|x86.ActiveCfg = Debug|Win32
		{AA818145-6DF1-446D-BE57-77623E613183}.Debug|x86.Build.0 = Debug|Win32
		{AA818145-6DF1-446D-BE57-77623E613183}.Release|x64.ActiveCfg = Release|x64
		{AA818145-6DF1-446D-BE57-77623E613183}.Release|x64.Build.0 = Release|x64
		{AA818145-6DF1-446D-BE57-77623E613183}.Release|x86.ActiveCfg = Release|Win32
		{AA818145-6DF1-446D-BE57-77623E613183}.Release|x86.Build.0 = Release|Win32
	EndGlobalSection
	GlobalSection(SolutionProperties) = preSolution
		HideSolutionNode = FALSE
	EndGlobalSection
	GlobalSection(ExtensibilityGlobals) = postSolution
		SolutionGuid = {50C641AB-FFE6-4FF5-AB5F-6D245D847479}
	EndGlobalSection
EndGlobal
